// !$*UTF8*$!
{
	archiveVersion = 1;
	classes = {
	};
	objectVersion = 55;
	objects = {

/* Begin PBXBuildFile section */
		A357A6CA29564083002EB149 /* AppDelegate.swift in Sources */ = {isa = PBXBuildFile; fileRef = A357A6C929564083002EB149 /* AppDelegate.swift */; };
		A357A6CC29564083002EB149 /* SceneDelegate.swift in Sources */ = {isa = PBXBuildFile; fileRef = A357A6CB29564083002EB149 /* SceneDelegate.swift */; };
		A357A6CE29564083002EB149 /* ViewController.swift in Sources */ = {isa = PBXBuildFile; fileRef = A357A6CD29564083002EB149 /* ViewController.swift */; };
		A357A6D329564086002EB149 /* Assets.xcassets in Resources */ = {isa = PBXBuildFile; fileRef = A357A6D229564086002EB149 /* Assets.xcassets */; };
		A357A6D629564086002EB149 /* LaunchScreen.storyboard in Resources */ = {isa = PBXBuildFile; fileRef = A357A6D429564086002EB149 /* LaunchScreen.storyboard */; };
		A359B1922958473E009A874C /* Extensions.swift in Sources */ = {isa = PBXBuildFile; fileRef = A359B1912958473E009A874C /* Extensions.swift */; };
/* End PBXBuildFile section */

/* Begin PBXFileReference section */
		A357A6C629564083002EB149 /* iOS8-HW12-Yuliya Khrebtova.app */ = {isa = PBXFileReference; explicitFileType = wrapper.application; includeInIndex = 0; path = "iOS8-HW12-Yuliya Khrebtova.app"; sourceTree = BUILT_PRODUCTS_DIR; };
		A357A6C929564083002EB149 /* AppDelegate.swift */ = {isa = PBXFileReference; lastKnownFileType = sourcecode.swift; path = AppDelegate.swift; sourceTree = "<group>"; };
		A357A6CB29564083002EB149 /* SceneDelegate.swift */ = {isa = PBXFileReference; lastKnownFileType = sourcecode.swift; path = SceneDelegate.swift; sourceTree = "<group>"; };
		A357A6CD29564083002EB149 /* ViewController.swift */ = {isa = PBXFileReference; lastKnownFileType = sourcecode.swift; path = ViewController.swift; sourceTree = "<group>"; };
		A357A6D229564086002EB149 /* Assets.xcassets */ = {isa = PBXFileReference; lastKnownFileType = folder.assetcatalog; path = Assets.xcassets; sourceTree = "<group>"; };
		A357A6D529564086002EB149 /* Base */ = {isa = PBXFileReference; lastKnownFileType = file.storyboard; name = Base; path = Base.lproj/LaunchScreen.storyboard; sourceTree = "<group>"; };
		A357A6D729564086002EB149 /* Info.plist */ = {isa = PBXFileReference; lastKnownFileType = text.plist.xml; path = Info.plist; sourceTree = "<group>"; };
		A359B1912958473E009A874C /* Extensions.swift */ = {isa = PBXFileReference; lastKnownFileType = sourcecode.swift; name = Extensions.swift; path = "iOS8-HW12-Yuliya Khrebtova/Sources/Extensions.swift"; sourceTree = SOURCE_ROOT; };
/* End PBXFileReference section */

/* Begin PBXFrameworksBuildPhase section */
		A357A6C329564083002EB149 /* Frameworks */ = {
			isa = PBXFrameworksBuildPhase;
			buildActionMask = 2147483647;
			files = (
			);
			runOnlyForDeploymentPostprocessing = 0;
		};
/* End PBXFrameworksBuildPhase section */

/* Begin PBXGroup section */
		A357A6BD29564083002EB149 = {
			isa = PBXGroup;
			children = (
				A357A6C829564083002EB149 /* iOS8-HW12-Yuliya Khrebtova */,
				A357A6C729564083002EB149 /* Products */,
			);
			sourceTree = "<group>";
		};
		A357A6C729564083002EB149 /* Products */ = {
			isa = PBXGroup;
			children = (
				A357A6C629564083002EB149 /* iOS8-HW12-Yuliya Khrebtova.app */,
			);
			name = Products;
			sourceTree = "<group>";
		};
		A357A6C829564083002EB149 /* iOS8-HW12-Yuliya Khrebtova */ = {
			isa = PBXGroup;
			children = (
				A357A6DE295642CF002EB149 /* Resources */,
				A357A6DD295642BD002EB149 /* Sources */,
			);
			path = "iOS8-HW12-Yuliya Khrebtova";
			sourceTree = "<group>";
		};
		A357A6DD295642BD002EB149 /* Sources */ = {
			isa = PBXGroup;
			children = (
				A357A6DF295642E9002EB149 /* App */,
				A357A6CD29564083002EB149 /* ViewController.swift */,
				A359B1912958473E009A874C /* Extensions.swift */,
			);
			path = Sources;
			sourceTree = "<group>";
		};
		A357A6DE295642CF002EB149 /* Resources */ = {
			isa = PBXGroup;
			children = (
				A357A6D229564086002EB149 /* Assets.xcassets */,
				A357A6D429564086002EB149 /* LaunchScreen.storyboard */,
				A357A6D729564086002EB149 /* Info.plist */,
			);
			path = Resources;
			sourceTree = "<group>";
		};
		A357A6DF295642E9002EB149 /* App */ = {
			isa = PBXGroup;
			children = (
				A357A6C929564083002EB149 /* AppDelegate.swift */,
				A357A6CB29564083002EB149 /* SceneDelegate.swift */,
			);
			path = App;
			sourceTree = "<group>";
		};
/* End PBXGroup section */

/* Begin PBXNativeTarget section */
		A357A6C529564083002EB149 /* iOS8-HW12-Yuliya Khrebtova */ = {
			isa = PBXNativeTarget;
			buildConfigurationList = A357A6DA29564086002EB149 /* Build configuration list for PBXNativeTarget "iOS8-HW12-Yuliya Khrebtova" */;
			buildPhases = (
				A357A6C229564083002EB149 /* Sources */,
				A357A6C329564083002EB149 /* Frameworks */,
				A357A6C429564083002EB149 /* Resources */,
			);
			buildRules = (
			);
			dependencies = (
			);
			name = "iOS8-HW12-Yuliya Khrebtova";
			productName = "iOS8-HW12-Yuliya Khrebtova";
			productReference = A357A6C629564083002EB149 /* iOS8-HW12-Yuliya Khrebtova.app */;
			productType = "com.apple.product-type.application";
		};
/* End PBXNativeTarget section */

/* Begin PBXProject section */
		A357A6BE29564083002EB149 /* Project object */ = {
			isa = PBXProject;
			attributes = {
				BuildIndependentTargetsInParallel = 1;
				LastSwiftUpdateCheck = 1340;
				LastUpgradeCheck = 1340;
				TargetAttributes = {
					A357A6C529564083002EB149 = {
						CreatedOnToolsVersion = 13.4.1;
					};
				};
			};
			buildConfigurationList = A357A6C129564083002EB149 /* Build configuration list for PBXProject "iOS8-HW12-Yuliya Khrebtova" */;
			compatibilityVersion = "Xcode 13.0";
			developmentRegion = en;
			hasScannedForEncodings = 0;
			knownRegions = (
				en,
				Base,
			);
			mainGroup = A357A6BD29564083002EB149;
			productRefGroup = A357A6C729564083002EB149 /* Products */;
			projectDirPath = "";
			projectRoot = "";
			targets = (
				A357A6C529564083002EB149 /* iOS8-HW12-Yuliya Khrebtova */,
			);
		};
/* End PBXProject section */

/* Begin PBXResourcesBuildPhase section */
		A357A6C429564083002EB149 /* Resources */ = {
			isa = PBXResourcesBuildPhase;
			buildActionMask = 2147483647;
			files = (
				A357A6D629564086002EB149 /* LaunchScreen.storyboard in Resources */,
				A357A6D329564086002EB149 /* Assets.xcassets in Resources */,
			);
			runOnlyForDeploymentPostprocessing = 0;
		};
/* End PBXResourcesBuildPhase section */

/* Begin PBXSourcesBuildPhase section */
		A357A6C229564083002EB149 /* Sources */ = {
			isa = PBXSourcesBuildPhase;
			buildActionMask = 2147483647;
			files = (
				A357A6CE29564083002EB149 /* ViewController.swift in Sources */,
				A357A6CA29564083002EB149 /* AppDelegate.swift in Sources */,
				A357A6CC29564083002EB149 /* SceneDelegate.swift in Sources */,
				A359B1922958473E009A874C /* Extensions.swift in Sources */,
			);
			runOnlyForDeploymentPostprocessing = 0;
		};
/* End PBXSourcesBuildPhase section */

/* Begin PBXVariantGroup section */
		A357A6D429564086002EB149 /* LaunchScreen.storyboard */ = {
			isa = PBXVariantGroup;
			children = (
				A357A6D529564086002EB149 /* Base */,
			);
			name = LaunchScreen.storyboard;
			sourceTree = "<group>";
		};
/* End PBXVariantGroup section */

/* Begin XCBuildConfiguration section */
		A357A6D829564086002EB149 /* Debug */ = {
			isa = XCBuildConfiguration;
			buildSettings = {
				ALWAYS_SEARCH_USER_PATHS = NO;
				CLANG_ANALYZER_NONNULL = YES;
				CLANG_ANALYZER_NUMBER_OBJECT_CONVERSION = YES_AGGRESSIVE;
				CLANG_CXX_LANGUAGE_STANDARD = "gnu++17";
				CLANG_ENABLE_MODULES = YES;
				CLANG_ENABLE_OBJC_ARC = YES;
				CLANG_ENABLE_OBJC_WEAK = YES;
				CLANG_WARN_BLOCK_CAPTURE_AUTORELEASING = YES;
				CLANG_WARN_BOOL_CONVERSION = YES;
				CLANG_WARN_COMMA = YES;
				CLANG_WARN_CONSTANT_CONVERSION = YES;
				CLANG_WARN_DEPRECATED_OBJC_IMPLEMENTATIONS = YES;
				CLANG_WARN_DIRECT_OBJC_ISA_USAGE = YES_ERROR;
				CLANG_WARN_DOCUMENTATION_COMMENTS = YES;
				CLANG_WARN_EMPTY_BODY = YES;
				CLANG_WARN_ENUM_CONVERSION = YES;
				CLANG_WARN_INFINITE_RECURSION = YES;
				CLANG_WARN_INT_CONVERSION = YES;
				CLANG_WARN_NON_LITERAL_NULL_CONVERSION = YES;
				CLANG_WARN_OBJC_IMPLICIT_RETAIN_SELF = YES;
				CLANG_WARN_OBJC_LITERAL_CONVERSION = YES;
				CLANG_WARN_OBJC_ROOT_CLASS = YES_ERROR;
				CLANG_WARN_QUOTED_INCLUDE_IN_FRAMEWORK_HEADER = YES;
				CLANG_WARN_RANGE_LOOP_ANALYSIS = YES;
				CLANG_WARN_STRICT_PROTOTYPES = YES;
				CLANG_WARN_SUSPICIOUS_MOVE = YES;
				CLANG_WARN_UNGUARDED_AVAILABILITY = YES_AGGRESSIVE;
				CLANG_WARN_UNREACHABLE_CODE = YES;
				CLANG_WARN__DUPLICATE_METHOD_MATCH = YES;
				COPY_PHASE_STRIP = NO;
				DEBUG_INFORMATION_FORMAT = dwarf;
				ENABLE_STRICT_OBJC_MSGSEND = YES;
				ENABLE_TESTABILITY = YES;
				GCC_C_LANGUAGE_STANDARD = gnu11;
				GCC_DYNAMIC_NO_PIC = NO;
				GCC_NO_COMMON_BLOCKS = YES;
				GCC_OPTIMIZATION_LEVEL = 0;
				GCC_PREPROCESSOR_DEFINITIONS = (
					"DEBUG=1",
					"$(inherited)",
				);
				GCC_WARN_64_TO_32_BIT_CONVERSION = YES;
				GCC_WARN_ABOUT_RETURN_TYPE = YES_ERROR;
				GCC_WARN_UNDECLARED_SELECTOR = YES;
				GCC_WARN_UNINITIALIZED_AUTOS = YES_AGGRESSIVE;
				GCC_WARN_UNUSED_FUNCTION = YES;
				GCC_WARN_UNUSED_VARIABLE = YES;
				IPHONEOS_DEPLOYMENT_TARGET = 15.5;
				MTL_ENABLE_DEBUG_INFO = INCLUDE_SOURCE;
				MTL_FAST_MATH = YES;
				ONLY_ACTIVE_ARCH = YES;
				SDKROOT = iphoneos;
				SWIFT_ACTIVE_COMPILATION_CONDITIONS = DEBUG;
				SWIFT_OPTIMIZATION_LEVEL = "-Onone";
			};
			name = Debug;
		};
		A357A6D929564086002EB149 /* Release */ = {
			isa = XCBuildConfiguration;
			buildSettings = {
				ALWAYS_SEARCH_USER_PATHS = NO;
				CLANG_ANALYZER_NONNULL = YES;
				CLANG_ANALYZER_NUMBER_OBJECT_CONVERSION = YES_AGGRESSIVE;
				CLANG_CXX_LANGUAGE_STANDARD = "gnu++17";
				CLANG_ENABLE_MODULES = YES;
				CLANG_ENABLE_OBJC_ARC = YES;
				CLANG_ENABLE_OBJC_WEAK = YES;
				CLANG_WARN_BLOCK_CAPTURE_AUTORELEASING = YES;
				CLANG_WARN_BOOL_CONVERSION = YES;
				CLANG_WARN_COMMA = YES;
				CLANG_WARN_CONSTANT_CONVERSION = YES;
				CLANG_WARN_DEPRECATED_OBJC_IMPLEMENTATIONS = YES;
				CLANG_WARN_DIRECT_OBJC_ISA_USAGE = YES_ERROR;
				CLANG_WARN_DOCUMENTATION_COMMENTS = YES;
				CLANG_WARN_EMPTY_BODY = YES;
				CLANG_WARN_ENUM_CONVERSION = YES;
				CLANG_WARN_INFINITE_RECURSION = YES;
				CLANG_WARN_INT_CONVERSION = YES;
				CLANG_WARN_NON_LITERAL_NULL_CONVERSION = YES;
				CLANG_WARN_OBJC_IMPLICIT_RETAIN_SELF = YES;
				CLANG_WARN_OBJC_LITERAL_CONVERSION = YES;
				CLANG_WARN_OBJC_ROOT_CLASS = YES_ERROR;
				CLANG_WARN_QUOTED_INCLUDE_IN_FRAMEWORK_HEADER = YES;
				CLANG_WARN_RANGE_LOOP_ANALYSIS = YES;
				CLANG_WARN_STRICT_PROTOTYPES = YES;
				CLANG_WARN_SUSPICIOUS_MOVE = YES;
				CLANG_WARN_UNGUARDED_AVAILABILITY = YES_AGGRESSIVE;
				CLANG_WARN_UNREACHABLE_CODE = YES;
				CLANG_WARN__DUPLICATE_METHOD_MATCH = YES;
				COPY_PHASE_STRIP = NO;
				DEBUG_INFORMATION_FORMAT = "dwarf-with-dsym";
				ENABLE_NS_ASSERTIONS = NO;
				ENABLE_STRICT_OBJC_MSGSEND = YES;
				GCC_C_LANGUAGE_STANDARD = gnu11;
				GCC_NO_COMMON_BLOCKS = YES;
				GCC_WARN_64_TO_32_BIT_CONVERSION = YES;
				GCC_WARN_ABOUT_RETURN_TYPE = YES_ERROR;
				GCC_WARN_UNDECLARED_SELECTOR = YES;
				GCC_WARN_UNINITIALIZED_AUTOS = YES_AGGRESSIVE;
				GCC_WARN_UNUSED_FUNCTION = YES;
				GCC_WARN_UNUSED_VARIABLE = YES;
				IPHONEOS_DEPLOYMENT_TARGET = 15.5;
				MTL_ENABLE_DEBUG_INFO = NO;
				MTL_FAST_MATH = YES;
				SDKROOT = iphoneos;
				SWIFT_COMPILATION_MODE = wholemodule;
				SWIFT_OPTIMIZATION_LEVEL = "-O";
				VALIDATE_PRODUCT = YES;
			};
			name = Release;
		};
		A357A6DB29564086002EB149 /* Debug */ = {
			isa = XCBuildConfiguration;
			buildSettings = {
				ASSETCATALOG_COMPILER_APPICON_NAME = AppIcon;
				ASSETCATALOG_COMPILER_GLOBAL_ACCENT_COLOR_NAME = AccentColor;
				CODE_SIGN_STYLE = Automatic;
				CURRENT_PROJECT_VERSION = 1;
				DEVELOPMENT_TEAM = 8AGR6C32QD;
				GENERATE_INFOPLIST_FILE = YES;
				INFOPLIST_FILE = "iOS8-HW12-Yuliya Khrebtova/Resources/Info.plist";
				INFOPLIST_KEY_UIApplicationSupportsIndirectInputEvents = YES;
				INFOPLIST_KEY_UILaunchStoryboardName = LaunchScreen;
				INFOPLIST_KEY_UISupportedInterfaceOrientations_iPad = "UIInterfaceOrientationPortrait UIInterfaceOrientationPortraitUpsideDown UIInterfaceOrientationLandscapeLeft UIInterfaceOrientationLandscapeRight";
				INFOPLIST_KEY_UISupportedInterfaceOrientations_iPhone = "UIInterfaceOrientationPortrait UIInterfaceOrientationLandscapeLeft UIInterfaceOrientationLandscapeRight";
				LD_RUNPATH_SEARCH_PATHS = (
					"$(inherited)",
					"@executable_path/Frameworks",
				);
				MARKETING_VERSION = 1.0;
				PRODUCT_BUNDLE_IDENTIFIER = "com.my.iOS8-HW12-Yuliya-Khrebtova";
				PRODUCT_NAME = "$(TARGET_NAME)";
				SWIFT_EMIT_LOC_STRINGS = YES;
				SWIFT_VERSION = 5.0;
				TARGETED_DEVICE_FAMILY = "1,2";
			};
			name = Debug;
		};
		A357A6DC29564086002EB149 /* Release */ = {
			isa = XCBuildConfiguration;
			buildSettings = {
				ASSETCATALOG_COMPILER_APPICON_NAME = AppIcon;
				ASSETCATALOG_COMPILER_GLOBAL_ACCENT_COLOR_NAME = AccentColor;
				CODE_SIGN_STYLE = Automatic;
				CURRENT_PROJECT_VERSION = 1;
				DEVELOPMENT_TEAM = 8AGR6C32QD;
				GENERATE_INFOPLIST_FILE = YES;
				INFOPLIST_FILE = "iOS8-HW12-Yuliya Khrebtova/Resources/Info.plist";
				INFOPLIST_KEY_UIApplicationSupportsIndirectInputEvents = YES;
				INFOPLIST_KEY_UILaunchStoryboardName = LaunchScreen;
				INFOPLIST_KEY_UISupportedInterfaceOrientations_iPad = "UIInterfaceOrientationPortrait UIInterfaceOrientationPortraitUpsideDown UIInterfaceOrientationLandscapeLeft UIInterfaceOrientationLandscapeRight";
				INFOPLIST_KEY_UISupportedInterfaceOrientations_iPhone = "UIInterfaceOrientationPortrait UIInterfaceOrientationLandscapeLeft UIInterfaceOrientationLandscapeRight";
				LD_RUNPATH_SEARCH_PATHS = (
					"$(inherited)",
					"@executable_path/Frameworks",
				);
				MARKETING_VERSION = 1.0;
				PRODUCT_BUNDLE_IDENTIFIER = "com.my.iOS8-HW12-Yuliya-Khrebtova";
				PRODUCT_NAME = "$(TARGET_NAME)";
				SWIFT_EMIT_LOC_STRINGS = YES;
				SWIFT_VERSION = 5.0;
				TARGETED_DEVICE_FAMILY = "1,2";
			};
			name = Release;
		};
/* End XCBuildConfiguration section */

/* Begin XCConfigurationList section */
		A357A6C129564083002EB149 /* Build configuration list for PBXProject "iOS8-HW12-Yuliya Khrebtova" */ = {
			isa = XCConfigurationList;
			buildConfigurations = (
				A357A6D829564086002EB149 /* Debug */,
				A357A6D929564086002EB149 /* Release */,
			);
			defaultConfigurationIsVisible = 0;
			defaultConfigurationName = Release;
		};
		A357A6DA29564086002EB149 /* Build configuration list for PBXNativeTarget "iOS8-HW12-Yuliya Khrebtova" */ = {
			isa = XCConfigurationList;
			buildConfigurations = (
				A357A6DB29564086002EB149 /* Debug */,
				A357A6DC29564086002EB149 /* Release */,
			);
			defaultConfigurationIsVisible = 0;
			defaultConfigurationName = Release;
		};
/* End XCConfigurationList section */
	};
	rootObject = A357A6BE29564083002EB149 /* Project object */;
}
